PODS:
  - Device (2.0.1)
  - Nimble (5.1.1)
  - Quick (1.0.0)

DEPENDENCIES:
  - Device (~> 2.0)
  - Nimble (~> 5.1)
  - Quick (~> 1.0)

SPEC CHECKSUMS:
  Device: 7dd12a4fc8a72a90211f2c9ac8975a728322a148
  Nimble: 415e3aa3267e7bc2c96b05fa814ddea7bb686a29
  Quick: 8024e4a47e6cc03a9d5245ef0948264fc6d27cff

PODFILE CHECKSUM: 9296213eb9d8f203b963abc5730f7a950313ce8e

COCOAPODS: 1.2.0.beta.3
